<?xml version="1.0" encoding="utf-8"?>
<Project ToolsVersion="4.0" xmlns="http://schemas.microsoft.com/developer/msbuild/2003">
  <ItemGroup>
    <ClCompile Include="Source.cpp" />
  </ItemGroup>
  <ItemGroup>
    <ClInclude Include="bara_progres.h" />
    <ClInclude Include="GameOver.h" />
    <ClInclude Include="GameState.h" />
    <ClInclude Include="iarba.h" />
    <ClInclude Include="keyboard.h" />
    <ClInclude Include="MainMenu.h" />
    <ClInclude Include="masina_jucator.h" />
    <ClInclude Include="masini.h" />
    <ClInclude Include="radio.h" />
    <ClInclude Include="scena_oprit_de_politie.h" />
    <ClInclude Include="sosea.h" />
    <ClInclude Include="State.h" />
    <ClInclude Include="texte.h" />
    <ClInclude Include="Utils.h" />
    <ClInclude Include="GameData.h" />
    <ClInclude Include="Stats.h" />
  </ItemGroup>
</Project>